
Microsoft Visual Studio Solution File, Format Version 12.00
# Visual Studio 15
VisualStudioVersion = 15.0.28307.168
MinimumVisualStudioVersion = 10.0.40219.1
Project("{8BC9CEB8-8B4A-11D0-8D11-00A0C91BC942}") = "SpaceInvaders", "SpaceInvaders\SpaceInvaders.vcxproj", "{06ACB433-4F9F-4A6F-9ACF-9D8CC32D31C2}"
EndProject
Global
	GlobalSection(SolutionConfigurationPlatforms) = preSolution
		Debug|x64 = Debug|x64
		Debug|x86 = Debug|x86
		MasterBuild|x64 = MasterBuild|x64
		MasterBuild|x86 = MasterBuild|x86
	EndGlobalSection
	GlobalSection(ProjectConfigurationPlatforms) = postSolution
		{06ACB433-4F9F-4A6F-9ACF-9D8CC32D31C2}.Debug|x64.ActiveCfg = Debug|x64
		{06ACB433-4F9F-4A6F-9ACF-9D8CC32D31C2}.Debug|x64.Build.0 = Debug|x64
		{06ACB433-4F9F-4A6F-9ACF-9D8CC32D31C2}.Debug|x86.ActiveCfg = Debug|Win32
		{06ACB433-4F9F-4A6F-9ACF-9D8CC32D31C2}.Debug|x86.Build.0 = Debug|Win32
		{06ACB433-4F9F-4A6F-9ACF-9D8CC32D31C2}.MasterBuild|x64.ActiveCfg = MasterBuild|x64
		{06ACB433-4F9F-4A6F-9ACF-9D8CC32D31C2}.MasterBuild|x64.Build.0 = MasterBuild|x64
		{06ACB433-4F9F-4A6F-9ACF-9D8CC32D31C2}.MasterBuild|x86.ActiveCfg = Debug|Win32
		{06ACB433-4F9F-4A6F-9ACF-9D8CC32D31C2}.MasterBuild|x86.Build.0 = Debug|Win32
	EndGlobalSection
	GlobalSection(SolutionProperties) = preSolution
		HideSolutionNode = FALSE
	EndGlobalSection
	GlobalSection(ExtensibilityGlobals) = postSolution
		SolutionGuid = {8A96B576-E041-4D50-84AB-94BC42755395}
	EndGlobalSection
EndGlobal
